
Microsoft Visual Studio Solution File, Format Version 12.00
# Visual Studio Version 17
VisualStudioVersion = 17.11.35312.102
MinimumVisualStudioVersion = 10.0.40219.1
Project("{FAE04EC0-301F-11D3-BF4B-00C04F79EFBC}") = "WpfApp1", "WpfApp1\WpfApp1.csproj", "{43F659F1-3032-4765-A997-EF8D05960DDC}"
EndProject
Global
	GlobalSection(SolutionConfigurationPlatforms) = preSolution
		Debug|Any CPU = Debug|Any CPU
		Release|Any CPU = Release|Any CPU
	EndGlobalSection
	GlobalSection(ProjectConfigurationPlatforms) = postSolution
		{43F659F1-3032-4765-A997-EF8D05960DDC}.Debug|Any CPU.ActiveCfg = Debug|Any CPU
		{43F659F1-3032-4765-A997-EF8D05960DDC}.Debug|Any CPU.Build.0 = Debug|Any CPU
		{43F659F1-3032-4765-A997-EF8D05960DDC}.Release|Any CPU.ActiveCfg = Release|Any CPU
		{43F659F1-3032-4765-A997-EF8D05960DDC}.Release|Any CPU.Build.0 = Release|Any CPU
	EndGlobalSection
	GlobalSection(SolutionProperties) = preSolution
		HideSolutionNode = FALSE
	EndGlobalSection
	GlobalSection(ExtensibilityGlobals) = postSolution
		SolutionGuid = {5EADDF1B-FCA3-420E-8CE0-B6CF0612B54B}
	EndGlobalSection
EndGlobal
